
Microsoft Visual Studio Solution File, Format Version 12.00
# Visual Studio Version 17
VisualStudioVersion = 17.4.33403.182
MinimumVisualStudioVersion = 10.0.40219.1
Project("{FAE04EC0-301F-11D3-BF4B-00C04F79EFBC}") = "WebApiAutores", "WebApiAutores\WebApiAutores.csproj", "{8234BB01-9695-4A89-8B6C-AD809369FF75}"
EndProject
Global
	GlobalSection(SolutionConfigurationPlatforms) = preSolution
		Debug|Any CPU = Debug|Any CPU
		Release|Any CPU = Release|Any CPU
	EndGlobalSection
	GlobalSection(ProjectConfigurationPlatforms) = postSolution
		{8234BB01-9695-4A89-8B6C-AD809369FF75}.Debug|Any CPU.ActiveCfg = Debug|Any CPU
		{8234BB01-9695-4A89-8B6C-AD809369FF75}.Debug|Any CPU.Build.0 = Debug|Any CPU
		{8234BB01-9695-4A89-8B6C-AD809369FF75}.Release|Any CPU.ActiveCfg = Release|Any CPU
		{8234BB01-9695-4A89-8B6C-AD809369FF75}.Release|Any CPU.Build.0 = Release|Any CPU
	EndGlobalSection
	GlobalSection(SolutionProperties) = preSolution
		HideSolutionNode = FALSE
	EndGlobalSection
	GlobalSection(ExtensibilityGlobals) = postSolution
		SolutionGuid = {177D60BF-5DD7-4BCC-B38F-FFB537896A35}
	EndGlobalSection
EndGlobal
